{
  "name": "collider-dev.mix",
  "version": "0.2.0",
  "lockfileVersion": 3,
  "requires": true,
  "packages": {
    "": {
      "name": "collider-dev.mix",
      "version": "0.2.0",
      "license": "Zlib",
      "dependencies": {
        "collider.mix": "git+https://github.com/invadium/collider.mix.git#v0.2.0",
        "split.js": "1.6.5"
      }
    },
    "node_modules/collider.mix": {
      "version": "0.2.0",
      "resolved": "git+ssh://git@github.com/invadium/collider.mix.git#a8d515a51f88b5ae6bb5a46415fffa74f5e719c0",
      "license": "Zlib"
    },
    "node_modules/split.js": {
      "version": "1.6.5",
      "resolved": "https://registry.npmjs.org/split.js/-/split.js-1.6.5.tgz",
      "integrity": "sha512-mPTnGCiS/RiuTNsVhCm9De9cCAUsrNFFviRbADdKiiV+Kk8HKp/0fWu7Kr8pi3/yBmsqLFHuXGT9UUZ+CNLwFw==",
      "license": "MIT"
    }
  }
}
